
Microsoft Visual Studio Solution File, Format Version 12.00
# Visual Studio Version 17
VisualStudioVersion = 17.5.33424.131
MinimumVisualStudioVersion = 10.0.40219.1
Project("{FAE04EC0-301F-11D3-BF4B-00C04F79EFBC}") = "Revisão prova 2023", "Revisão prova 2023\Revisão prova 2023.csproj", "{5F448E5C-306F-4F90-AA05-482B027548F6}"
EndProject
Global
	GlobalSection(SolutionConfigurationPlatforms) = preSolution
		Debug|Any CPU = Debug|Any CPU
		Release|Any CPU = Release|Any CPU
	EndGlobalSection
	GlobalSection(ProjectConfigurationPlatforms) = postSolution
		{5F448E5C-306F-4F90-AA05-482B027548F6}.Debug|Any CPU.ActiveCfg = Debug|Any CPU
		{5F448E5C-306F-4F90-AA05-482B027548F6}.Debug|Any CPU.Build.0 = Debug|Any CPU
		{5F448E5C-306F-4F90-AA05-482B027548F6}.Release|Any CPU.ActiveCfg = Release|Any CPU
		{5F448E5C-306F-4F90-AA05-482B027548F6}.Release|Any CPU.Build.0 = Release|Any CPU
	EndGlobalSection
	GlobalSection(SolutionProperties) = preSolution
		HideSolutionNode = FALSE
	EndGlobalSection
	GlobalSection(ExtensibilityGlobals) = postSolution
		SolutionGuid = {7FEF0679-143E-4B31-89D1-4A060BA3B62C}
	EndGlobalSection
EndGlobal
